
Microsoft Visual Studio Solution File, Format Version 10.00
# Visual Studio 2008
Project("{FAE04EC0-301F-11D3-BF4B-00C04F79EFBC}") = "Test.Common.Schemas", "Test.Common.Schemas\Test.Common.Schemas.btproj", "{59B5E567-8418-4E16-9D4B-CBA78AA1D7AD}"
EndProject
Global
	GlobalSection(SolutionConfigurationPlatforms) = preSolution
		Debug|Any CPU = Debug|Any CPU
		Release|Any CPU = Release|Any CPU
	EndGlobalSection
	GlobalSection(ProjectConfigurationPlatforms) = postSolution
		{59B5E567-8418-4E16-9D4B-CBA78AA1D7AD}.Debug|Any CPU.ActiveCfg = Debug|Any CPU
		{59B5E567-8418-4E16-9D4B-CBA78AA1D7AD}.Debug|Any CPU.Build.0 = Debug|Any CPU
		{59B5E567-8418-4E16-9D4B-CBA78AA1D7AD}.Debug|Any CPU.Deploy.0 = Debug|Any CPU
		{59B5E567-8418-4E16-9D4B-CBA78AA1D7AD}.Release|Any CPU.ActiveCfg = Release|Any CPU
		{59B5E567-8418-4E16-9D4B-CBA78AA1D7AD}.Release|Any CPU.Build.0 = Release|Any CPU
		{59B5E567-8418-4E16-9D4B-CBA78AA1D7AD}.Release|Any CPU.Deploy.0 = Release|Any CPU
	EndGlobalSection
	GlobalSection(SolutionProperties) = preSolution
		HideSolutionNode = FALSE
	EndGlobalSection
EndGlobal
